
Microsoft Visual Studio Solution File, Format Version 12.00
# Visual Studio Version 17
VisualStudioVersion = 17.14.36310.24 d17.14
MinimumVisualStudioVersion = 10.0.40219.1
Project("{FAE04EC0-301F-11D3-BF4B-00C04F79EFBC}") = "BookLendingApp", "BookLendingApp\BookLendingApp.csproj", "{F6E026B3-1226-4B35-89D1-12878E8172D5}"
EndProject
Global
	GlobalSection(SolutionConfigurationPlatforms) = preSolution
		Debug|Any CPU = Debug|Any CPU
		Release|Any CPU = Release|Any CPU
	EndGlobalSection
	GlobalSection(ProjectConfigurationPlatforms) = postSolution
		{F6E026B3-1226-4B35-89D1-12878E8172D5}.Debug|Any CPU.ActiveCfg = Debug|Any CPU
		{F6E026B3-1226-4B35-89D1-12878E8172D5}.Debug|Any CPU.Build.0 = Debug|Any CPU
		{F6E026B3-1226-4B35-89D1-12878E8172D5}.Release|Any CPU.ActiveCfg = Release|Any CPU
		{F6E026B3-1226-4B35-89D1-12878E8172D5}.Release|Any CPU.Build.0 = Release|Any CPU
	EndGlobalSection
	GlobalSection(SolutionProperties) = preSolution
		HideSolutionNode = FALSE
	EndGlobalSection
	GlobalSection(ExtensibilityGlobals) = postSolution
		SolutionGuid = {4A58C93A-D668-42A8-BD90-C03DAE47A87F}
	EndGlobalSection
EndGlobal
